<?xml version="1.0" encoding="utf-8"?>
<Project ToolsVersion="4.0" xmlns="http://schemas.microsoft.com/developer/msbuild/2003">
  <ItemGroup>
    <Filter Include="Source Files">
      <UniqueIdentifier>{4FC737F1-C7A5-4376-A066-2A32D752A2FF}</UniqueIdentifier>
      <Extensions>cpp;c;cc;cxx;def;odl;idl;hpj;bat;asm;asmx</Extensions>
    </Filter>
    <Filter Include="Header Files">
      <UniqueIdentifier>{93995380-89BD-4b04-88EB-625FBE52EBFB}</UniqueIdentifier>
      <Extensions>h;hh;hpp;hxx;hm;inl;inc;xsd</Extensions>
    </Filter>
    <Filter Include="Resource Files">
      <UniqueIdentifier>{67DA6AB6-F800-4c08-8B7A-83BB121AAD01}</UniqueIdentifier>
      <Extensions>rc;ico;cur;bmp;dlg;rc2;rct;bin;rgs;gif;jpg;jpeg;jpe;resx;tiff;tif;png;wav;mfcribbon-ms</Extensions>
    </Filter>
  </ItemGroup>
  <ItemGroup>
    <ClInclude Include="..\..\Practica Quadtree\Animation.h">
      <Filter>Header Files</Filter>
    </ClInclude>
    <ClInclude Include="..\..\Practica Quadtree\Application.h">
      <Filter>Header Files</Filter>
    </ClInclude>
    <ClInclude Include="..\..\Practica Quadtree\Collider.h">
      <Filter>Header Files</Filter>
    </ClInclude>
    <ClInclude Include="..\..\Practica Quadtree\Dummy.h">
      <Filter>Header Files</Filter>
    </ClInclude>
    <ClInclude Include="..\..\Practica Quadtree\Globals.h">
      <Filter>Header Files</Filter>
    </ClInclude>
    <ClInclude Include="..\..\Practica Quadtree\Linked_List.h">
      <Filter>Header Files</Filter>
    </ClInclude>
    <ClInclude Include="..\..\Practica Quadtree\Module.h">
      <Filter>Header Files</Filter>
    </ClInclude>
    <ClInclude Include="..\..\Practica Quadtree\ModuleAudio.h">
      <Filter>Header Files</Filter>
    </ClInclude>
    <ClInclude Include="..\..\Practica Quadtree\ModuleCollision.h">
      <Filter>Header Files</Filter>
    </ClInclude>
    <ClInclude Include="..\..\Practica Quadtree\ModuleFadeToBlack.h">
      <Filter>Header Files</Filter>
    </ClInclude>
    <ClInclude Include="..\..\Practica Quadtree\ModuleInput.h">
      <Filter>Header Files</Filter>
    </ClInclude>
    <ClInclude Include="..\..\Practica Quadtree\ModuleParticles.h">
      <Filter>Header Files</Filter>
    </ClInclude>
    <ClInclude Include="..\..\Practica Quadtree\ModulePlayer.h">
      <Filter>Header Files</Filter>
    </ClInclude>
    <ClInclude Include="..\..\Practica Quadtree\ModuleRender.h">
      <Filter>Header Files</Filter>
    </ClInclude>
    <ClInclude Include="..\..\Practica Quadtree\ModuleSceneIntro.h">
      <Filter>Header Files</Filter>
    </ClInclude>
    <ClInclude Include="..\..\Practica Quadtree\ModuleSceneSpace.h">
      <Filter>Header Files</Filter>
    </ClInclude>
    <ClInclude Include="..\..\Practica Quadtree\ModuleTextures.h">
      <Filter>Header Files</Filter>
    </ClInclude>
    <ClInclude Include="..\..\Practica Quadtree\ModuleWindow.h">
      <Filter>Header Files</Filter>
    </ClInclude>
    <ClInclude Include="..\..\Practica Quadtree\p2DynArray.h">
      <Filter>Header Files</Filter>
    </ClInclude>
    <ClInclude Include="..\..\Practica Quadtree\p2List.h">
      <Filter>Header Files</Filter>
    </ClInclude>
    <ClInclude Include="..\..\Practica Quadtree\p2Point.h">
      <Filter>Header Files</Filter>
    </ClInclude>
    <ClInclude Include="..\..\Practica Quadtree\p2QuadTree.h">
      <Filter>Header Files</Filter>
    </ClInclude>
    <ClInclude Include="..\..\Practica Quadtree\Stack.h">
      <Filter>Header Files</Filter>
    </ClInclude>
    <ClInclude Include="..\..\Practica Quadtree\Tree.h">
      <Filter>Header Files</Filter>
    </ClInclude>
  </ItemGroup>
  <ItemGroup>
    <ClCompile Include="..\..\Practica Quadtree\Application.cpp">
      <Filter>Source Files</Filter>
    </ClCompile>
    <ClCompile Include="..\..\Practica Quadtree\log.cpp">
      <Filter>Source Files</Filter>
    </ClCompile>
    <ClCompile Include="..\..\Practica Quadtree\Main.cpp">
      <Filter>Source Files</Filter>
    </ClCompile>
    <ClCompile Include="..\..\Practica Quadtree\ModuleAudio.cpp">
      <Filter>Source Files</Filter>
    </ClCompile>
    <ClCompile Include="..\..\Practica Quadtree\ModuleCollision.cpp">
      <Filter>Source Files</Filter>
    </ClCompile>
    <ClCompile Include="..\..\Practica Quadtree\ModuleFadeToBlack.cpp">
      <Filter>Source Files</Filter>
    </ClCompile>
    <ClCompile Include="..\..\Practica Quadtree\ModuleInput.cpp">
      <Filter>Source Files</Filter>
    </ClCompile>
    <ClCompile Include="..\..\Practica Quadtree\ModuleParticles.cpp">
      <Filter>Source Files</Filter>
    </ClCompile>
    <ClCompile Include="..\..\Practica Quadtree\ModulePlayer.cpp">
      <Filter>Source Files</Filter>
    </ClCompile>
    <ClCompile Include="..\..\Practica Quadtree\ModuleRender.cpp">
      <Filter>Source Files</Filter>
    </ClCompile>
    <ClCompile Include="..\..\Practica Quadtree\ModuleSceneIntro.cpp">
      <Filter>Source Files</Filter>
    </ClCompile>
    <ClCompile Include="..\..\Practica Quadtree\ModuleSceneSpace.cpp">
      <Filter>Source Files</Filter>
    </ClCompile>
    <ClCompile Include="..\..\Practica Quadtree\ModuleTextures.cpp">
      <Filter>Source Files</Filter>
    </ClCompile>
    <ClCompile Include="..\..\Practica Quadtree\ModuleWindow.cpp">
      <Filter>Source Files</Filter>
    </ClCompile>
    <ClCompile Include="..\..\Practica Quadtree\p2QuadTree.cpp">
      <Filter>Source Files</Filter>
    </ClCompile>
  </ItemGroup>
</Project>